
Microsoft Visual Studio Solution File, Format Version 12.00
# Visual Studio 11
Project("{8BC9CEB8-8B4A-11D0-8D11-00A0C91BC942}") = "001_triangle_glut_glew", "001_triangle_glut_glew\001_triangle_glut_glew.vcxproj", "{A8FEF6F4-70D0-174D-975C-9A5D3D29331D}"
EndProject
Project("{8BC9CEB8-8B4A-11D0-8D11-00A0C91BC942}") = "004_text_rendering", "004_text_rendering\004_text_rendering.vcxproj", "{17356C11-E74D-EE4A-0EA7-F5212F42B635}"
EndProject
Project("{8BC9CEB8-8B4A-11D0-8D11-00A0C91BC942}") = "002_triangle_compatibility", "002_triangle_compatibility\002_triangle_compatibility.vcxproj", "{BBDD02A6-B8FB-D1B8-A57F-5BC774CFCCB0}"
EndProject
Project("{8BC9CEB8-8B4A-11D0-8D11-00A0C91BC942}") = "003_simple_text", "003_simple_text\003_simple_text.vcxproj", "{3DCA21DC-B8E8-355C-3796-AE342B73D7DE}"
EndProject
Project("{8BC9CEB8-8B4A-11D0-8D11-00A0C91BC942}") = "example_glut_glew", "example_glut_glew\example_glut_glew.vcxproj", "{C5C45C30-555A-D136-836E-6D126005AE6A}"
EndProject
Project("{8BC9CEB8-8B4A-11D0-8D11-00A0C91BC942}") = "002_rect", "002_rect\002_rect.vcxproj", "{D57B6982-237A-9214-6D30-B5B80FB38A2C}"
EndProject
Project("{8BC9CEB8-8B4A-11D0-8D11-00A0C91BC942}") = "004_newton", "004_newton\004_newton.vcxproj", "{C12708B3-1BBB-9D1B-84E7-7F783D30DA5B}"
EndProject
Project("{8BC9CEB8-8B4A-11D0-8D11-00A0C91BC942}") = "005_mandelbrot", "005_mandelbrot\005_mandelbrot.vcxproj", "{BAD556AE-8C0D-82B6-4416-5DA472287520}"
EndProject
Project("{8BC9CEB8-8B4A-11D0-8D11-00A0C91BC942}") = "006_cartoon_sun", "006_cartoon_sun\006_cartoon_sun.vcxproj", "{9B6EE07F-7F0A-A984-80C4-62A8B9A0DFC7}"
EndProject
Project("{8BC9CEB8-8B4A-11D0-8D11-00A0C91BC942}") = "007_cubic_bezier", "007_cubic_bezier\007_cubic_bezier.vcxproj", "{37F426D3-95AD-33B2-2DD6-F02D9D5DB186}"
EndProject
Project("{8BC9CEB8-8B4A-11D0-8D11-00A0C91BC942}") = "010_rgb_cube", "010_rgb_cube\010_rgb_cube.vcxproj", "{969BFFC6-1F51-EA75-939A-F588B10BFA4E}"
EndProject
Project("{8BC9CEB8-8B4A-11D0-8D11-00A0C91BC942}") = "012_checker_cube", "012_checker_cube\012_checker_cube.vcxproj", "{FC95D2CC-B3A2-424E-3B21-179E65291828}"
EndProject
Project("{8BC9CEB8-8B4A-11D0-8D11-00A0C91BC942}") = "015_graph", "015_graph\015_graph.vcxproj", "{2F87930F-C2E8-DD53-724D-50448619072C}"
EndProject
Project("{8BC9CEB8-8B4A-11D0-8D11-00A0C91BC942}") = "014_multi_cube_gs", "014_multi_cube_gs\014_multi_cube_gs.vcxproj", "{3020FF58-2126-A1AC-599C-6E8DB15BCF04}"
EndProject
Project("{8BC9CEB8-8B4A-11D0-8D11-00A0C91BC942}") = "011_writing", "011_writing\011_writing.vcxproj", "{D7AE7161-3448-8F53-19CB-346A6DF19450}"
EndProject
Project("{8BC9CEB8-8B4A-11D0-8D11-00A0C91BC942}") = "015_shaded_cube", "015_shaded_cube\015_shaded_cube.vcxproj", "{E249C48D-81C4-E855-21F6-981187E48683}"
EndProject
Project("{8BC9CEB8-8B4A-11D0-8D11-00A0C91BC942}") = "019_helium", "019_helium\019_helium.vcxproj", "{E3CE8EE0-67BC-C196-767A-60946D602A9D}"
EndProject
Project("{8BC9CEB8-8B4A-11D0-8D11-00A0C91BC942}") = "019_subsurf_scatter", "019_subsurf_scatter\019_subsurf_scatter.vcxproj", "{AC805D1E-CB49-1FA5-CE2E-ECE3461EBFA5}"
EndProject
Project("{8BC9CEB8-8B4A-11D0-8D11-00A0C91BC942}") = "020_golf_ball", "020_golf_ball\020_golf_ball.vcxproj", "{C9619324-785A-0EBB-0668-285C3FDB4082}"
EndProject
Project("{8BC9CEB8-8B4A-11D0-8D11-00A0C91BC942}") = "020_checkered_objects", "020_checkered_objects\020_checkered_objects.vcxproj", "{9B110515-B27F-8061-56AC-F54C0B237B5D}"
EndProject
Project("{8BC9CEB8-8B4A-11D0-8D11-00A0C91BC942}") = "020_shaded_objects", "020_shaded_objects\020_shaded_objects.vcxproj", "{719BE418-246B-3ABD-3F2B-74FC8697A67E}"
EndProject
Project("{8BC9CEB8-8B4A-11D0-8D11-00A0C91BC942}") = "021_cloud", "021_cloud\021_cloud.vcxproj", "{684065AD-18BC-2DEF-8C3C-06AB7804DA26}"
EndProject
Project("{8BC9CEB8-8B4A-11D0-8D11-00A0C91BC942}") = "022_parallax_map", "022_parallax_map\022_parallax_map.vcxproj", "{1B224F9F-0C05-1394-1643-51CD1F4C676D}"
EndProject
Project("{8BC9CEB8-8B4A-11D0-8D11-00A0C91BC942}") = "022_xyz_planes", "022_xyz_planes\022_xyz_planes.vcxproj", "{DA4488D3-036B-9943-A3B6-E5EC2CFCBBFD}"
EndProject
Global
	GlobalSection(SolutionConfigurationPlatforms) = preSolution
		Debug|Win32 = Debug|Win32
		Release|Win32 = Release|Win32
	EndGlobalSection
	GlobalSection(ProjectConfigurationPlatforms) = postSolution
		{17356C11-E74D-EE4A-0EA7-F5212F42B635}.Debug|Win32.ActiveCfg = Debug|Win32
		{17356C11-E74D-EE4A-0EA7-F5212F42B635}.Debug|Win32.Build.0 = Debug|Win32
		{17356C11-E74D-EE4A-0EA7-F5212F42B635}.Release|Win32.ActiveCfg = Release|Win32
		{17356C11-E74D-EE4A-0EA7-F5212F42B635}.Release|Win32.Build.0 = Release|Win32
		{1B224F9F-0C05-1394-1643-51CD1F4C676D}.Debug|Win32.ActiveCfg = Debug|Win32
		{1B224F9F-0C05-1394-1643-51CD1F4C676D}.Debug|Win32.Build.0 = Debug|Win32
		{1B224F9F-0C05-1394-1643-51CD1F4C676D}.Release|Win32.ActiveCfg = Release|Win32
		{1B224F9F-0C05-1394-1643-51CD1F4C676D}.Release|Win32.Build.0 = Release|Win32
		{2F87930F-C2E8-DD53-724D-50448619072C}.Debug|Win32.ActiveCfg = Debug|Win32
		{2F87930F-C2E8-DD53-724D-50448619072C}.Debug|Win32.Build.0 = Debug|Win32
		{2F87930F-C2E8-DD53-724D-50448619072C}.Release|Win32.ActiveCfg = Release|Win32
		{2F87930F-C2E8-DD53-724D-50448619072C}.Release|Win32.Build.0 = Release|Win32
		{3020FF58-2126-A1AC-599C-6E8DB15BCF04}.Debug|Win32.ActiveCfg = Debug|Win32
		{3020FF58-2126-A1AC-599C-6E8DB15BCF04}.Debug|Win32.Build.0 = Debug|Win32
		{3020FF58-2126-A1AC-599C-6E8DB15BCF04}.Release|Win32.ActiveCfg = Release|Win32
		{3020FF58-2126-A1AC-599C-6E8DB15BCF04}.Release|Win32.Build.0 = Release|Win32
		{37F426D3-95AD-33B2-2DD6-F02D9D5DB186}.Debug|Win32.ActiveCfg = Debug|Win32
		{37F426D3-95AD-33B2-2DD6-F02D9D5DB186}.Debug|Win32.Build.0 = Debug|Win32
		{37F426D3-95AD-33B2-2DD6-F02D9D5DB186}.Release|Win32.ActiveCfg = Release|Win32
		{37F426D3-95AD-33B2-2DD6-F02D9D5DB186}.Release|Win32.Build.0 = Release|Win32
		{3DCA21DC-B8E8-355C-3796-AE342B73D7DE}.Debug|Win32.ActiveCfg = Debug|Win32
		{3DCA21DC-B8E8-355C-3796-AE342B73D7DE}.Debug|Win32.Build.0 = Debug|Win32
		{3DCA21DC-B8E8-355C-3796-AE342B73D7DE}.Release|Win32.ActiveCfg = Release|Win32
		{3DCA21DC-B8E8-355C-3796-AE342B73D7DE}.Release|Win32.Build.0 = Release|Win32
		{684065AD-18BC-2DEF-8C3C-06AB7804DA26}.Debug|Win32.ActiveCfg = Debug|Win32
		{684065AD-18BC-2DEF-8C3C-06AB7804DA26}.Debug|Win32.Build.0 = Debug|Win32
		{684065AD-18BC-2DEF-8C3C-06AB7804DA26}.Release|Win32.ActiveCfg = Release|Win32
		{684065AD-18BC-2DEF-8C3C-06AB7804DA26}.Release|Win32.Build.0 = Release|Win32
		{719BE418-246B-3ABD-3F2B-74FC8697A67E}.Debug|Win32.ActiveCfg = Debug|Win32
		{719BE418-246B-3ABD-3F2B-74FC8697A67E}.Debug|Win32.Build.0 = Debug|Win32
		{719BE418-246B-3ABD-3F2B-74FC8697A67E}.Release|Win32.ActiveCfg = Release|Win32
		{719BE418-246B-3ABD-3F2B-74FC8697A67E}.Release|Win32.Build.0 = Release|Win32
		{969BFFC6-1F51-EA75-939A-F588B10BFA4E}.Debug|Win32.ActiveCfg = Debug|Win32
		{969BFFC6-1F51-EA75-939A-F588B10BFA4E}.Debug|Win32.Build.0 = Debug|Win32
		{969BFFC6-1F51-EA75-939A-F588B10BFA4E}.Release|Win32.ActiveCfg = Release|Win32
		{969BFFC6-1F51-EA75-939A-F588B10BFA4E}.Release|Win32.Build.0 = Release|Win32
		{9B110515-B27F-8061-56AC-F54C0B237B5D}.Debug|Win32.ActiveCfg = Debug|Win32
		{9B110515-B27F-8061-56AC-F54C0B237B5D}.Debug|Win32.Build.0 = Debug|Win32
		{9B110515-B27F-8061-56AC-F54C0B237B5D}.Release|Win32.ActiveCfg = Release|Win32
		{9B110515-B27F-8061-56AC-F54C0B237B5D}.Release|Win32.Build.0 = Release|Win32
		{9B6EE07F-7F0A-A984-80C4-62A8B9A0DFC7}.Debug|Win32.ActiveCfg = Debug|Win32
		{9B6EE07F-7F0A-A984-80C4-62A8B9A0DFC7}.Debug|Win32.Build.0 = Debug|Win32
		{9B6EE07F-7F0A-A984-80C4-62A8B9A0DFC7}.Release|Win32.ActiveCfg = Release|Win32
		{9B6EE07F-7F0A-A984-80C4-62A8B9A0DFC7}.Release|Win32.Build.0 = Release|Win32
		{A8FEF6F4-70D0-174D-975C-9A5D3D29331D}.Debug|Win32.ActiveCfg = Debug|Win32
		{A8FEF6F4-70D0-174D-975C-9A5D3D29331D}.Debug|Win32.Build.0 = Debug|Win32
		{A8FEF6F4-70D0-174D-975C-9A5D3D29331D}.Release|Win32.ActiveCfg = Release|Win32
		{A8FEF6F4-70D0-174D-975C-9A5D3D29331D}.Release|Win32.Build.0 = Release|Win32
		{AC805D1E-CB49-1FA5-CE2E-ECE3461EBFA5}.Debug|Win32.ActiveCfg = Debug|Win32
		{AC805D1E-CB49-1FA5-CE2E-ECE3461EBFA5}.Debug|Win32.Build.0 = Debug|Win32
		{AC805D1E-CB49-1FA5-CE2E-ECE3461EBFA5}.Release|Win32.ActiveCfg = Release|Win32
		{AC805D1E-CB49-1FA5-CE2E-ECE3461EBFA5}.Release|Win32.Build.0 = Release|Win32
		{BAD556AE-8C0D-82B6-4416-5DA472287520}.Debug|Win32.ActiveCfg = Debug|Win32
		{BAD556AE-8C0D-82B6-4416-5DA472287520}.Debug|Win32.Build.0 = Debug|Win32
		{BAD556AE-8C0D-82B6-4416-5DA472287520}.Release|Win32.ActiveCfg = Release|Win32
		{BAD556AE-8C0D-82B6-4416-5DA472287520}.Release|Win32.Build.0 = Release|Win32
		{BBDD02A6-B8FB-D1B8-A57F-5BC774CFCCB0}.Debug|Win32.ActiveCfg = Debug|Win32
		{BBDD02A6-B8FB-D1B8-A57F-5BC774CFCCB0}.Debug|Win32.Build.0 = Debug|Win32
		{BBDD02A6-B8FB-D1B8-A57F-5BC774CFCCB0}.Release|Win32.ActiveCfg = Release|Win32
		{BBDD02A6-B8FB-D1B8-A57F-5BC774CFCCB0}.Release|Win32.Build.0 = Release|Win32
		{C12708B3-1BBB-9D1B-84E7-7F783D30DA5B}.Debug|Win32.ActiveCfg = Debug|Win32
		{C12708B3-1BBB-9D1B-84E7-7F783D30DA5B}.Debug|Win32.Build.0 = Debug|Win32
		{C12708B3-1BBB-9D1B-84E7-7F783D30DA5B}.Release|Win32.ActiveCfg = Release|Win32
		{C12708B3-1BBB-9D1B-84E7-7F783D30DA5B}.Release|Win32.Build.0 = Release|Win32
		{C5C45C30-555A-D136-836E-6D126005AE6A}.Debug|Win32.ActiveCfg = Debug|Win32
		{C5C45C30-555A-D136-836E-6D126005AE6A}.Debug|Win32.Build.0 = Debug|Win32
		{C5C45C30-555A-D136-836E-6D126005AE6A}.Release|Win32.ActiveCfg = Release|Win32
		{C5C45C30-555A-D136-836E-6D126005AE6A}.Release|Win32.Build.0 = Release|Win32
		{C9619324-785A-0EBB-0668-285C3FDB4082}.Debug|Win32.ActiveCfg = Debug|Win32
		{C9619324-785A-0EBB-0668-285C3FDB4082}.Debug|Win32.Build.0 = Debug|Win32
		{C9619324-785A-0EBB-0668-285C3FDB4082}.Release|Win32.ActiveCfg = Release|Win32
		{C9619324-785A-0EBB-0668-285C3FDB4082}.Release|Win32.Build.0 = Release|Win32
		{D57B6982-237A-9214-6D30-B5B80FB38A2C}.Debug|Win32.ActiveCfg = Debug|Win32
		{D57B6982-237A-9214-6D30-B5B80FB38A2C}.Debug|Win32.Build.0 = Debug|Win32
		{D57B6982-237A-9214-6D30-B5B80FB38A2C}.Release|Win32.ActiveCfg = Release|Win32
		{D57B6982-237A-9214-6D30-B5B80FB38A2C}.Release|Win32.Build.0 = Release|Win32
		{D7AE7161-3448-8F53-19CB-346A6DF19450}.Debug|Win32.ActiveCfg = Debug|Win32
		{D7AE7161-3448-8F53-19CB-346A6DF19450}.Debug|Win32.Build.0 = Debug|Win32
		{D7AE7161-3448-8F53-19CB-346A6DF19450}.Release|Win32.ActiveCfg = Release|Win32
		{D7AE7161-3448-8F53-19CB-346A6DF19450}.Release|Win32.Build.0 = Release|Win32
		{DA4488D3-036B-9943-A3B6-E5EC2CFCBBFD}.Debug|Win32.ActiveCfg = Debug|Win32
		{DA4488D3-036B-9943-A3B6-E5EC2CFCBBFD}.Debug|Win32.Build.0 = Debug|Win32
		{DA4488D3-036B-9943-A3B6-E5EC2CFCBBFD}.Release|Win32.ActiveCfg = Release|Win32
		{DA4488D3-036B-9943-A3B6-E5EC2CFCBBFD}.Release|Win32.Build.0 = Release|Win32
		{E249C48D-81C4-E855-21F6-981187E48683}.Debug|Win32.ActiveCfg = Debug|Win32
		{E249C48D-81C4-E855-21F6-981187E48683}.Debug|Win32.Build.0 = Debug|Win32
		{E249C48D-81C4-E855-21F6-981187E48683}.Release|Win32.ActiveCfg = Release|Win32
		{E249C48D-81C4-E855-21F6-981187E48683}.Release|Win32.Build.0 = Release|Win32
		{E3CE8EE0-67BC-C196-767A-60946D602A9D}.Debug|Win32.ActiveCfg = Debug|Win32
		{E3CE8EE0-67BC-C196-767A-60946D602A9D}.Debug|Win32.Build.0 = Debug|Win32
		{E3CE8EE0-67BC-C196-767A-60946D602A9D}.Release|Win32.ActiveCfg = Release|Win32
		{E3CE8EE0-67BC-C196-767A-60946D602A9D}.Release|Win32.Build.0 = Release|Win32
		{FC95D2CC-B3A2-424E-3B21-179E65291828}.Debug|Win32.ActiveCfg = Debug|Win32
		{FC95D2CC-B3A2-424E-3B21-179E65291828}.Debug|Win32.Build.0 = Debug|Win32
		{FC95D2CC-B3A2-424E-3B21-179E65291828}.Release|Win32.ActiveCfg = Release|Win32
		{FC95D2CC-B3A2-424E-3B21-179E65291828}.Release|Win32.Build.0 = Release|Win32
	EndGlobalSection
	GlobalSection(SolutionProperties) = preSolution
		HideSolutionNode = FALSE
	EndGlobalSection
EndGlobal
