
Microsoft Visual Studio Solution File, Format Version 12.00
# Visual Studio 11
Project("{8BC9CEB8-8B4A-11D0-8D11-00A0C91BC942}") = "001_triangle_glut_glew", "001_triangle_glut_glew\001_triangle_glut_glew.vcxproj", "{A8FEF6F4-70D0-174D-975C-9A5D3D29331D}"
EndProject
Project("{8BC9CEB8-8B4A-11D0-8D11-00A0C91BC942}") = "004_text_rendering", "004_text_rendering\004_text_rendering.vcxproj", "{17356C11-E74D-EE4A-0EA7-F5212F42B635}"
EndProject
Global
	GlobalSection(SolutionConfigurationPlatforms) = preSolution
		Debug|Win32 = Debug|Win32
		Release|Win32 = Release|Win32
	EndGlobalSection
	GlobalSection(ProjectConfigurationPlatforms) = postSolution
		{17356C11-E74D-EE4A-0EA7-F5212F42B635}.Debug|Win32.ActiveCfg = Debug|Win32
		{17356C11-E74D-EE4A-0EA7-F5212F42B635}.Debug|Win32.Build.0 = Debug|Win32
		{17356C11-E74D-EE4A-0EA7-F5212F42B635}.Release|Win32.ActiveCfg = Release|Win32
		{17356C11-E74D-EE4A-0EA7-F5212F42B635}.Release|Win32.Build.0 = Release|Win32
		{A8FEF6F4-70D0-174D-975C-9A5D3D29331D}.Debug|Win32.ActiveCfg = Debug|Win32
		{A8FEF6F4-70D0-174D-975C-9A5D3D29331D}.Debug|Win32.Build.0 = Debug|Win32
		{A8FEF6F4-70D0-174D-975C-9A5D3D29331D}.Release|Win32.ActiveCfg = Release|Win32
		{A8FEF6F4-70D0-174D-975C-9A5D3D29331D}.Release|Win32.Build.0 = Release|Win32
	EndGlobalSection
	GlobalSection(SolutionProperties) = preSolution
		HideSolutionNode = FALSE
	EndGlobalSection
EndGlobal
